
Microsoft Visual Studio Solution File, Format Version 12.00
# Visual Studio 14
VisualStudioVersion = 14.0.24720.0
MinimumVisualStudioVersion = 10.0.40219.1
Project("{8BC9CEB8-8B4A-11D0-8D11-00A0C91BC942}") = "SSWC", "SSWC\SSWC.vcxproj", "{43F2E47A-4E8C-416B-A112-0FA6C9652460}"
EndProject
Project("{2150E333-8FDC-42A3-9474-1A3956D46DE8}") = "Solution Items", "Solution Items", "{37B71C5D-BF64-4FA3-A093-08F706A6D5CF}"
	ProjectSection(SolutionItems) = preProject
		Performance1.psess = Performance1.psess
	EndProjectSection
EndProject
Global
	GlobalSection(SolutionConfigurationPlatforms) = preSolution
		Debug|Win32 = Debug|Win32
		Release|Win32 = Release|Win32
	EndGlobalSection
	GlobalSection(ProjectConfigurationPlatforms) = postSolution
		{43F2E47A-4E8C-416B-A112-0FA6C9652460}.Debug|Win32.ActiveCfg = Debug|Win32
		{43F2E47A-4E8C-416B-A112-0FA6C9652460}.Debug|Win32.Build.0 = Debug|Win32
		{43F2E47A-4E8C-416B-A112-0FA6C9652460}.Release|Win32.ActiveCfg = Release|Win32
		{43F2E47A-4E8C-416B-A112-0FA6C9652460}.Release|Win32.Build.0 = Release|Win32
	EndGlobalSection
	GlobalSection(SolutionProperties) = preSolution
		HideSolutionNode = FALSE
	EndGlobalSection
EndGlobal
