<?xml version="1.0" encoding="utf-8"?>
<Project ToolsVersion="4.0" xmlns="http://schemas.microsoft.com/developer/msbuild/2003">
  <ItemGroup>
    <Filter Include="Source Files">
      <UniqueIdentifier>{4FC737F1-C7A5-4376-A066-2A32D752A2FF}</UniqueIdentifier>
      <Extensions>cpp;c;cc;cxx;def;odl;idl;hpj;bat;asm;asmx</Extensions>
    </Filter>
    <Filter Include="Header Files">
      <UniqueIdentifier>{93995380-89BD-4b04-88EB-625FBE52EBFB}</UniqueIdentifier>
      <Extensions>h;hh;hpp;hxx;hm;inl;inc;xsd</Extensions>
    </Filter>
    <Filter Include="Resource Files">
      <UniqueIdentifier>{67DA6AB6-F800-4c08-8B7A-83BB121AAD01}</UniqueIdentifier>
      <Extensions>rc;ico;cur;bmp;dlg;rc2;rct;bin;rgs;gif;jpg;jpeg;jpe;resx;tiff;tif;png;wav;mfcribbon-ms</Extensions>
    </Filter>
    <Filter Include="Header Files\Math">
      <UniqueIdentifier>{d1344d33-fc22-42ce-9fc7-d638c2c7cab0}</UniqueIdentifier>
    </Filter>
    <Filter Include="Header Files\CSpice">
      <UniqueIdentifier>{2244b55e-052c-4bca-895f-a35b2dd7ee29}</UniqueIdentifier>
    </Filter>
    <Filter Include="Source Files\Math">
      <UniqueIdentifier>{cd73143f-e0b9-4df0-8914-04c97e333c0e}</UniqueIdentifier>
    </Filter>
    <Filter Include="Source Files\CSpice">
      <UniqueIdentifier>{61469e14-55fd-4f65-9555-baa791eeeb5b}</UniqueIdentifier>
    </Filter>
  </ItemGroup>
  <ItemGroup>
    <ClInclude Include="src\glCameara.h">
      <Filter>Header Files</Filter>
    </ClInclude>
    <ClInclude Include="src\Program.h">
      <Filter>Header Files</Filter>
    </ClInclude>
    <ClInclude Include="src\GL\ARB_Multisample.h">
      <Filter>Header Files</Filter>
    </ClInclude>
    <ClInclude Include="src\TGA.h">
      <Filter>Header Files</Filter>
    </ClInclude>
    <ClInclude Include="src\Planet.h">
      <Filter>Header Files</Filter>
    </ClInclude>
    <ClInclude Include="src\Scene.h">
      <Filter>Header Files</Filter>
    </ClInclude>
    <ClInclude Include="src\App.h">
      <Filter>Header Files</Filter>
    </ClInclude>
    <ClInclude Include="src\Math\Matrix4x4.h">
      <Filter>Header Files\Math</Filter>
    </ClInclude>
    <ClInclude Include="src\Math\Quantity.h">
      <Filter>Header Files\Math</Filter>
    </ClInclude>
    <ClInclude Include="src\Math\Vector3.h">
      <Filter>Header Files\Math</Filter>
    </ClInclude>
    <ClInclude Include="src\Math\Vector3T.h">
      <Filter>Header Files\Math</Filter>
    </ClInclude>
    <ClInclude Include="src\CSpice\CSpice.h">
      <Filter>Header Files\CSpice</Filter>
    </ClInclude>
    <ClInclude Include="src\CSpice\CSpiceCore.h">
      <Filter>Header Files\CSpice</Filter>
    </ClInclude>
    <ClInclude Include="src\CSpice\CSpiceUtil.h">
      <Filter>Header Files\CSpice</Filter>
    </ClInclude>
    <ClInclude Include="src\CSpice\Date.h">
      <Filter>Header Files\CSpice</Filter>
    </ClInclude>
    <ClInclude Include="src\CSpice\Frame.h">
      <Filter>Header Files\CSpice</Filter>
    </ClInclude>
    <ClInclude Include="src\CSpice\SpaceBody.h">
      <Filter>Header Files\CSpice</Filter>
    </ClInclude>
    <ClInclude Include="src\CSpice\SpaceObject.h">
      <Filter>Header Files\CSpice</Filter>
    </ClInclude>
    <ClInclude Include="src\CSpice\Window.h">
      <Filter>Header Files\CSpice</Filter>
    </ClInclude>
    <ClInclude Include="src\Trajectory.h">
      <Filter>Header Files</Filter>
    </ClInclude>
    <ClInclude Include="src\CosmoPoint.h">
      <Filter>Header Files</Filter>
    </ClInclude>
    <ClInclude Include="src\Font.h">
      <Filter>Header Files</Filter>
    </ClInclude>
  </ItemGroup>
  <ItemGroup>
    <ClCompile Include="src\glCamera.cpp">
      <Filter>Source Files</Filter>
    </ClCompile>
    <ClCompile Include="src\Program.cpp">
      <Filter>Source Files</Filter>
    </ClCompile>
    <ClCompile Include="src\Routine.cpp">
      <Filter>Source Files</Filter>
    </ClCompile>
    <ClCompile Include="src\GL\ARB_Multisample.cpp">
      <Filter>Source Files</Filter>
    </ClCompile>
    <ClCompile Include="src\TGA.cpp">
      <Filter>Source Files</Filter>
    </ClCompile>
    <ClCompile Include="src\Planet.cpp">
      <Filter>Source Files</Filter>
    </ClCompile>
    <ClCompile Include="src\Scene.cpp">
      <Filter>Source Files</Filter>
    </ClCompile>
    <ClCompile Include="src\App.cpp">
      <Filter>Source Files</Filter>
    </ClCompile>
    <ClCompile Include="src\CSpice\CSpice.cpp">
      <Filter>Source Files\CSpice</Filter>
    </ClCompile>
    <ClCompile Include="src\CSpice\CSpiceCore.cpp">
      <Filter>Source Files\CSpice</Filter>
    </ClCompile>
    <ClCompile Include="src\CSpice\CSpiceUtil.cpp">
      <Filter>Source Files\CSpice</Filter>
    </ClCompile>
    <ClCompile Include="src\CSpice\Date.cpp">
      <Filter>Source Files\CSpice</Filter>
    </ClCompile>
    <ClCompile Include="src\CSpice\Frame.cpp">
      <Filter>Source Files\CSpice</Filter>
    </ClCompile>
    <ClCompile Include="src\CSpice\SpaceBody.cpp">
      <Filter>Source Files\CSpice</Filter>
    </ClCompile>
    <ClCompile Include="src\CSpice\SpaceObject.cpp">
      <Filter>Source Files\CSpice</Filter>
    </ClCompile>
    <ClCompile Include="src\CSpice\Window.cpp">
      <Filter>Source Files\CSpice</Filter>
    </ClCompile>
    <ClCompile Include="src\Math\Matrix4x4.cpp">
      <Filter>Source Files\Math</Filter>
    </ClCompile>
    <ClCompile Include="src\Math\Quantity.cpp">
      <Filter>Source Files\Math</Filter>
    </ClCompile>
    <ClCompile Include="src\Math\Vector3.cpp">
      <Filter>Source Files\Math</Filter>
    </ClCompile>
    <ClCompile Include="src\Math\Vector3T.cpp">
      <Filter>Source Files\Math</Filter>
    </ClCompile>
    <ClCompile Include="src\Trajectory.cpp">
      <Filter>Source Files</Filter>
    </ClCompile>
    <ClCompile Include="src\CosmoPoint.cpp">
      <Filter>Source Files</Filter>
    </ClCompile>
    <ClCompile Include="src\Font.cpp">
      <Filter>Source Files</Filter>
    </ClCompile>
  </ItemGroup>
</Project>